{
    "name": "picklist-editor",
    "lockfileVersion": 2,
    "requires": true,
    "packages": {
        "": {
            "dependencies": {
                "@types/google-apps-script": "^1.0.45"
            }
        },
        "node_modules/@types/google-apps-script": {
            "version": "1.0.46",
            "resolved": "https://registry.npmjs.org/@types/google-apps-script/-/google-apps-script-1.0.46.tgz",
            "integrity": "sha512-az6tRZ/zlkyOvq5zvjHp6Rbz3gqzA0jrR/Yx/pccP4Sy4mKaDw0dJhkoyDXKxBNB42In+xm1FYbGFFt34TTNXA==",
            "license": "MIT"
        }
    },
    "dependencies": {
        "@types/google-apps-script": {
            "version": "1.0.46",
            "resolved": "https://registry.npmjs.org/@types/google-apps-script/-/google-apps-script-1.0.46.tgz",
            "integrity": "sha512-az6tRZ/zlkyOvq5zvjHp6Rbz3gqzA0jrR/Yx/pccP4Sy4mKaDw0dJhkoyDXKxBNB42In+xm1FYbGFFt34TTNXA=="
        }
    }
}
